// !$*UTF8*$!
{
	archiveVersion = 1;
	classes = {
	};
	objectVersion = 50;
	objects = {

/* Begin PBXBuildFile section */
		952E6DD023923ABD006CF985 /* AppDelegate.swift in Sources */ = {isa = PBXBuildFile; fileRef = 952E6DCF23923ABD006CF985 /* AppDelegate.swift */; };
		952E6DD223923ABD006CF985 /* SceneDelegate.swift in Sources */ = {isa = PBXBuildFile; fileRef = 952E6DD123923ABD006CF985 /* SceneDelegate.swift */; };
		952E6DD423923ABD006CF985 /* ViewController.swift in Sources */ = {isa = PBXBuildFile; fileRef = 952E6DD323923ABD006CF985 /* ViewController.swift */; };
		952E6DD723923ABD006CF985 /* Main.storyboard in Resources */ = {isa = PBXBuildFile; fileRef = 952E6DD523923ABD006CF985 /* Main.storyboard */; };
		952E6DD923923AC1006CF985 /* Assets.xcassets in Resources */ = {isa = PBXBuildFile; fileRef = 952E6DD823923AC1006CF985 /* Assets.xcassets */; };
		952E6DDC23923AC1006CF985 /* LaunchScreen.storyboard in Resources */ = {isa = PBXBuildFile; fileRef = 952E6DDA23923AC1006CF985 /* LaunchScreen.storyboard */; };
		952E6DE723923AC1006CF985 /* DevelopTests.swift in Sources */ = {isa = PBXBuildFile; fileRef = 952E6DE623923AC1006CF985 /* DevelopTests.swift */; };
		952E6DF223923AC1006CF985 /* DevelopUITests.swift in Sources */ = {isa = PBXBuildFile; fileRef = 952E6DF123923AC1006CF985 /* DevelopUITests.swift */; };
/* End PBXBuildFile section */

/* Begin PBXContainerItemProxy section */
		952E6DE323923AC1006CF985 /* PBXContainerItemProxy */ = {
			isa = PBXContainerItemProxy;
			containerPortal = 952E6DC423923ABD006CF985 /* Project object */;
			proxyType = 1;
			remoteGlobalIDString = 952E6DCB23923ABD006CF985;
			remoteInfo = Develop;
		};
		952E6DEE23923AC1006CF985 /* PBXContainerItemProxy */ = {
			isa = PBXContainerItemProxy;
			containerPortal = 952E6DC423923ABD006CF985 /* Project object */;
			proxyType = 1;
			remoteGlobalIDString = 952E6DCB23923ABD006CF985;
			remoteInfo = Develop;
		};
/* End PBXContainerItemProxy section */

/* Begin PBXFileReference section */
		952E6DCC23923ABD006CF985 /* Develop.app */ = {isa = PBXFileReference; explicitFileType = wrapper.application; includeInIndex = 0; path = Develop.app; sourceTree = BUILT_PRODUCTS_DIR; };
		952E6DCF23923ABD006CF985 /* AppDelegate.swift */ = {isa = PBXFileReference; lastKnownFileType = sourcecode.swift; path = AppDelegate.swift; sourceTree = "<group>"; };
		952E6DD123923ABD006CF985 /* SceneDelegate.swift */ = {isa = PBXFileReference; lastKnownFileType = sourcecode.swift; path = SceneDelegate.swift; sourceTree = "<group>"; };
		952E6DD323923ABD006CF985 /* ViewController.swift */ = {isa = PBXFileReference; lastKnownFileType = sourcecode.swift; path = ViewController.swift; sourceTree = "<group>"; };
		952E6DD623923ABD006CF985 /* Base */ = {isa = PBXFileReference; lastKnownFileType = file.storyboard; name = Base; path = Base.lproj/Main.storyboard; sourceTree = "<group>"; };
		952E6DD823923AC1006CF985 /* Assets.xcassets */ = {isa = PBXFileReference; lastKnownFileType = folder.assetcatalog; path = Assets.xcassets; sourceTree = "<group>"; };
		952E6DDB23923AC1006CF985 /* Base */ = {isa = PBXFileReference; lastKnownFileType = file.storyboard; name = Base; path = Base.lproj/LaunchScreen.storyboard; sourceTree = "<group>"; };
		952E6DDD23923AC1006CF985 /* Info.plist */ = {isa = PBXFileReference; lastKnownFileType = text.plist.xml; path = Info.plist; sourceTree = "<group>"; };
		952E6DE223923AC1006CF985 /* DevelopTests.xctest */ = {isa = PBXFileReference; explicitFileType = wrapper.cfbundle; includeInIndex = 0; path = DevelopTests.xctest; sourceTree = BUILT_PRODUCTS_DIR; };
		952E6DE623923AC1006CF985 /* DevelopTests.swift */ = {isa = PBXFileReference; lastKnownFileType = sourcecode.swift; path = DevelopTests.swift; sourceTree = "<group>"; };
		952E6DE823923AC1006CF985 /* Info.plist */ = {isa = PBXFileReference; lastKnownFileType = text.plist.xml; path = Info.plist; sourceTree = "<group>"; };
		952E6DED23923AC1006CF985 /* DevelopUITests.xctest */ = {isa = PBXFileReference; explicitFileType = wrapper.cfbundle; includeInIndex = 0; path = DevelopUITests.xctest; sourceTree = BUILT_PRODUCTS_DIR; };
		952E6DF123923AC1006CF985 /* DevelopUITests.swift */ = {isa = PBXFileReference; lastKnownFileType = sourcecode.swift; path = DevelopUITests.swift; sourceTree = "<group>"; };
		952E6DF323923AC1006CF985 /* Info.plist */ = {isa = PBXFileReference; lastKnownFileType = text.plist.xml; path = Info.plist; sourceTree = "<group>"; };
/* End PBXFileReference section */

/* Begin PBXFrameworksBuildPhase section */
		952E6DC923923ABD006CF985 /* Frameworks */ = {
			isa = PBXFrameworksBuildPhase;
			buildActionMask = 2147483647;
			files = (
			);
			runOnlyForDeploymentPostprocessing = 0;
		};
		952E6DDF23923AC1006CF985 /* Frameworks */ = {
			isa = PBXFrameworksBuildPhase;
			buildActionMask = 2147483647;
			files = (
			);
			runOnlyForDeploymentPostprocessing = 0;
		};
		952E6DEA23923AC1006CF985 /* Frameworks */ = {
			isa = PBXFrameworksBuildPhase;
			buildActionMask = 2147483647;
			files = (
			);
			runOnlyForDeploymentPostprocessing = 0;
		};
/* End PBXFrameworksBuildPhase section */

/* Begin PBXGroup section */
		952E6DC323923ABD006CF985 = {
			isa = PBXGroup;
			children = (
				952E6DCE23923ABD006CF985 /* Develop */,
				952E6DE523923AC1006CF985 /* DevelopTests */,
				952E6DF023923AC1006CF985 /* DevelopUITests */,
				952E6DCD23923ABD006CF985 /* Products */,
			);
			sourceTree = "<group>";
		};
		952E6DCD23923ABD006CF985 /* Products */ = {
			isa = PBXGroup;
			children = (
				952E6DCC23923ABD006CF985 /* Develop.app */,
				952E6DE223923AC1006CF985 /* DevelopTests.xctest */,
				952E6DED23923AC1006CF985 /* DevelopUITests.xctest */,
			);
			name = Products;
			sourceTree = "<group>";
		};
		952E6DCE23923ABD006CF985 /* Develop */ = {
			isa = PBXGroup;
			children = (
				952E6DCF23923ABD006CF985 /* AppDelegate.swift */,
				952E6DD123923ABD006CF985 /* SceneDelegate.swift */,
				952E6DD323923ABD006CF985 /* ViewController.swift */,
				952E6DD523923ABD006CF985 /* Main.storyboard */,
				952E6DD823923AC1006CF985 /* Assets.xcassets */,
				952E6DDA23923AC1006CF985 /* LaunchScreen.storyboard */,
				952E6DDD23923AC1006CF985 /* Info.plist */,
			);
			path = Develop;
			sourceTree = "<group>";
		};
		952E6DE523923AC1006CF985 /* DevelopTests */ = {
			isa = PBXGroup;
			children = (
				952E6DE623923AC1006CF985 /* DevelopTests.swift */,
				952E6DE823923AC1006CF985 /* Info.plist */,
			);
			path = DevelopTests;
			sourceTree = "<group>";
		};
		952E6DF023923AC1006CF985 /* DevelopUITests */ = {
			isa = PBXGroup;
			children = (
				952E6DF123923AC1006CF985 /* DevelopUITests.swift */,
				952E6DF323923AC1006CF985 /* Info.plist */,
			);
			path = DevelopUITests;
			sourceTree = "<group>";
		};
/* End PBXGroup section */

/* Begin PBXNativeTarget section */
		952E6DCB23923ABD006CF985 /* Develop */ = {
			isa = PBXNativeTarget;
			buildConfigurationList = 952E6DF623923AC1006CF985 /* Build configuration list for PBXNativeTarget "Develop" */;
			buildPhases = (
				952E6DC823923ABD006CF985 /* Sources */,
				952E6DC923923ABD006CF985 /* Frameworks */,
				952E6DCA23923ABD006CF985 /* Resources */,
			);
			buildRules = (
			);
			dependencies = (
			);
			name = Develop;
			productName = Develop;
			productReference = 952E6DCC23923ABD006CF985 /* Develop.app */;
			productType = "com.apple.product-type.application";
		};
		952E6DE123923AC1006CF985 /* DevelopTests */ = {
			isa = PBXNativeTarget;
			buildConfigurationList = 952E6DF923923AC1006CF985 /* Build configuration list for PBXNativeTarget "DevelopTests" */;
			buildPhases = (
				952E6DDE23923AC1006CF985 /* Sources */,
				952E6DDF23923AC1006CF985 /* Frameworks */,
				952E6DE023923AC1006CF985 /* Resources */,
			);
			buildRules = (
			);
			dependencies = (
				952E6DE423923AC1006CF985 /* PBXTargetDependency */,
			);
			name = DevelopTests;
			productName = DevelopTests;
			productReference = 952E6DE223923AC1006CF985 /* DevelopTests.xctest */;
			productType = "com.apple.product-type.bundle.unit-test";
		};
		952E6DEC23923AC1006CF985 /* DevelopUITests */ = {
			isa = PBXNativeTarget;
			buildConfigurationList = 952E6DFC23923AC1006CF985 /* Build configuration list for PBXNativeTarget "DevelopUITests" */;
			buildPhases = (
				952E6DE923923AC1006CF985 /* Sources */,
				952E6DEA23923AC1006CF985 /* Frameworks */,
				952E6DEB23923AC1006CF985 /* Resources */,
			);
			buildRules = (
			);
			dependencies = (
				952E6DEF23923AC1006CF985 /* PBXTargetDependency */,
			);
			name = DevelopUITests;
			productName = DevelopUITests;
			productReference = 952E6DED23923AC1006CF985 /* DevelopUITests.xctest */;
			productType = "com.apple.product-type.bundle.ui-testing";
		};
/* End PBXNativeTarget section */

/* Begin PBXProject section */
		952E6DC423923ABD006CF985 /* Project object */ = {
			isa = PBXProject;
			attributes = {
				LastSwiftUpdateCheck = 1120;
				LastUpgradeCheck = 1120;
				ORGANIZATIONNAME = "Kosuke Nishimura";
				TargetAttributes = {
					952E6DCB23923ABD006CF985 = {
						CreatedOnToolsVersion = 11.2.1;
					};
					952E6DE123923AC1006CF985 = {
						CreatedOnToolsVersion = 11.2.1;
						TestTargetID = 952E6DCB23923ABD006CF985;
					};
					952E6DEC23923AC1006CF985 = {
						CreatedOnToolsVersion = 11.2.1;
						TestTargetID = 952E6DCB23923ABD006CF985;
					};
				};
			};
			buildConfigurationList = 952E6DC723923ABD006CF985 /* Build configuration list for PBXProject "Develop" */;
			compatibilityVersion = "Xcode 9.3";
			developmentRegion = en;
			hasScannedForEncodings = 0;
			knownRegions = (
				en,
				Base,
			);
			mainGroup = 952E6DC323923ABD006CF985;
			productRefGroup = 952E6DCD23923ABD006CF985 /* Products */;
			projectDirPath = "";
			projectRoot = "";
			targets = (
				952E6DCB23923ABD006CF985 /* Develop */,
				952E6DE123923AC1006CF985 /* DevelopTests */,
				952E6DEC23923AC1006CF985 /* DevelopUITests */,
			);
		};
/* End PBXProject section */

/* Begin PBXResourcesBuildPhase section */
		952E6DCA23923ABD006CF985 /* Resources */ = {
			isa = PBXResourcesBuildPhase;
			buildActionMask = 2147483647;
			files = (
				952E6DDC23923AC1006CF985 /* LaunchScreen.storyboard in Resources */,
				952E6DD923923AC1006CF985 /* Assets.xcassets in Resources */,
				952E6DD723923ABD006CF985 /* Main.storyboard in Resources */,
			);
			runOnlyForDeploymentPostprocessing = 0;
		};
		952E6DE023923AC1006CF985 /* Resources */ = {
			isa = PBXResourcesBuildPhase;
			buildActionMask = 2147483647;
			files = (
			);
			runOnlyForDeploymentPostprocessing = 0;
		};
		952E6DEB23923AC1006CF985 /* Resources */ = {
			isa = PBXResourcesBuildPhase;
			buildActionMask = 2147483647;
			files = (
			);
			runOnlyForDeploymentPostprocessing = 0;
		};
/* End PBXResourcesBuildPhase section */

/* Begin PBXSourcesBuildPhase section */
		952E6DC823923ABD006CF985 /* Sources */ = {
			isa = PBXSourcesBuildPhase;
			buildActionMask = 2147483647;
			files = (
				952E6DD423923ABD006CF985 /* ViewController.swift in Sources */,
				952E6DD023923ABD006CF985 /* AppDelegate.swift in Sources */,
				952E6DD223923ABD006CF985 /* SceneDelegate.swift in Sources */,
			);
			runOnlyForDeploymentPostprocessing = 0;
		};
		952E6DDE23923AC1006CF985 /* Sources */ = {
			isa = PBXSourcesBuildPhase;
			buildActionMask = 2147483647;
			files = (
				952E6DE723923AC1006CF985 /* DevelopTests.swift in Sources */,
			);
			runOnlyForDeploymentPostprocessing = 0;
		};
		952E6DE923923AC1006CF985 /* Sources */ = {
			isa = PBXSourcesBuildPhase;
			buildActionMask = 2147483647;
			files = (
				952E6DF223923AC1006CF985 /* DevelopUITests.swift in Sources */,
			);
			runOnlyForDeploymentPostprocessing = 0;
		};
/* End PBXSourcesBuildPhase section */

/* Begin PBXTargetDependency section */
		952E6DE423923AC1006CF985 /* PBXTargetDependency */ = {
			isa = PBXTargetDependency;
			target = 952E6DCB23923ABD006CF985 /* Develop */;
			targetProxy = 952E6DE323923AC1006CF985 /* PBXContainerItemProxy */;
		};
		952E6DEF23923AC1006CF985 /* PBXTargetDependency */ = {
			isa = PBXTargetDependency;
			target = 952E6DCB23923ABD006CF985 /* Develop */;
			targetProxy = 952E6DEE23923AC1006CF985 /* PBXContainerItemProxy */;
		};
/* End PBXTargetDependency section */

/* Begin PBXVariantGroup section */
		952E6DD523923ABD006CF985 /* Main.storyboard */ = {
			isa = PBXVariantGroup;
			children = (
				952E6DD623923ABD006CF985 /* Base */,
			);
			name = Main.storyboard;
			sourceTree = "<group>";
		};
		952E6DDA23923AC1006CF985 /* LaunchScreen.storyboard */ = {
			isa = PBXVariantGroup;
			children = (
				952E6DDB23923AC1006CF985 /* Base */,
			);
			name = LaunchScreen.storyboard;
			sourceTree = "<group>";
		};
/* End PBXVariantGroup section */

/* Begin XCBuildConfiguration section */
		952E6DF423923AC1006CF985 /* Debug */ = {
			isa = XCBuildConfiguration;
			buildSettings = {
				ALWAYS_SEARCH_USER_PATHS = NO;
				CLANG_ANALYZER_NONNULL = YES;
				CLANG_ANALYZER_NUMBER_OBJECT_CONVERSION = YES_AGGRESSIVE;
				CLANG_CXX_LANGUAGE_STANDARD = "gnu++14";
				CLANG_CXX_LIBRARY = "libc++";
				CLANG_ENABLE_MODULES = YES;
				CLANG_ENABLE_OBJC_ARC = YES;
				CLANG_ENABLE_OBJC_WEAK = YES;
				CLANG_WARN_BLOCK_CAPTURE_AUTORELEASING = YES;
				CLANG_WARN_BOOL_CONVERSION = YES;
				CLANG_WARN_COMMA = YES;
				CLANG_WARN_CONSTANT_CONVERSION = YES;
				CLANG_WARN_DEPRECATED_OBJC_IMPLEMENTATIONS = YES;
				CLANG_WARN_DIRECT_OBJC_ISA_USAGE = YES_ERROR;
				CLANG_WARN_DOCUMENTATION_COMMENTS = YES;
				CLANG_WARN_EMPTY_BODY = YES;
				CLANG_WARN_ENUM_CONVERSION = YES;
				CLANG_WARN_INFINITE_RECURSION = YES;
				CLANG_WARN_INT_CONVERSION = YES;
				CLANG_WARN_NON_LITERAL_NULL_CONVERSION = YES;
				CLANG_WARN_OBJC_IMPLICIT_RETAIN_SELF = YES;
				CLANG_WARN_OBJC_LITERAL_CONVERSION = YES;
				CLANG_WARN_OBJC_ROOT_CLASS = YES_ERROR;
				CLANG_WARN_RANGE_LOOP_ANALYSIS = YES;
				CLANG_WARN_STRICT_PROTOTYPES = YES;
				CLANG_WARN_SUSPICIOUS_MOVE = YES;
				CLANG_WARN_UNGUARDED_AVAILABILITY = YES_AGGRESSIVE;
				CLANG_WARN_UNREACHABLE_CODE = YES;
				CLANG_WARN__DUPLICATE_METHOD_MATCH = YES;
				COPY_PHASE_STRIP = NO;
				DEBUG_INFORMATION_FORMAT = dwarf;
				ENABLE_STRICT_OBJC_MSGSEND = YES;
				ENABLE_TESTABILITY = YES;
				GCC_C_LANGUAGE_STANDARD = gnu11;
				GCC_DYNAMIC_NO_PIC = NO;
				GCC_NO_COMMON_BLOCKS = YES;
				GCC_OPTIMIZATION_LEVEL = 0;
				GCC_PREPROCESSOR_DEFINITIONS = (
					"DEBUG=1",
					"$(inherited)",
				);
				GCC_WARN_64_TO_32_BIT_CONVERSION = YES;
				GCC_WARN_ABOUT_RETURN_TYPE = YES_ERROR;
				GCC_WARN_UNDECLARED_SELECTOR = YES;
				GCC_WARN_UNINITIALIZED_AUTOS = YES_AGGRESSIVE;
				GCC_WARN_UNUSED_FUNCTION = YES;
				GCC_WARN_UNUSED_VARIABLE = YES;
				IPHONEOS_DEPLOYMENT_TARGET = 13.2;
				MTL_ENABLE_DEBUG_INFO = INCLUDE_SOURCE;
				MTL_FAST_MATH = YES;
				ONLY_ACTIVE_ARCH = YES;
				SDKROOT = iphoneos;
				SWIFT_ACTIVE_COMPILATION_CONDITIONS = DEBUG;
				SWIFT_OPTIMIZATION_LEVEL = "-Onone";
			};
			name = Debug;
		};
		952E6DF523923AC1006CF985 /* Release */ = {
			isa = XCBuildConfiguration;
			buildSettings = {
				ALWAYS_SEARCH_USER_PATHS = NO;
				CLANG_ANALYZER_NONNULL = YES;
				CLANG_ANALYZER_NUMBER_OBJECT_CONVERSION = YES_AGGRESSIVE;
				CLANG_CXX_LANGUAGE_STANDARD = "gnu++14";
				CLANG_CXX_LIBRARY = "libc++";
				CLANG_ENABLE_MODULES = YES;
				CLANG_ENABLE_OBJC_ARC = YES;
				CLANG_ENABLE_OBJC_WEAK = YES;
				CLANG_WARN_BLOCK_CAPTURE_AUTORELEASING = YES;
				CLANG_WARN_BOOL_CONVERSION = YES;
				CLANG_WARN_COMMA = YES;
				CLANG_WARN_CONSTANT_CONVERSION = YES;
				CLANG_WARN_DEPRECATED_OBJC_IMPLEMENTATIONS = YES;
				CLANG_WARN_DIRECT_OBJC_ISA_USAGE = YES_ERROR;
				CLANG_WARN_DOCUMENTATION_COMMENTS = YES;
				CLANG_WARN_EMPTY_BODY = YES;
				CLANG_WARN_ENUM_CONVERSION = YES;
				CLANG_WARN_INFINITE_RECURSION = YES;
				CLANG_WARN_INT_CONVERSION = YES;
				CLANG_WARN_NON_LITERAL_NULL_CONVERSION = YES;
				CLANG_WARN_OBJC_IMPLICIT_RETAIN_SELF = YES;
				CLANG_WARN_OBJC_LITERAL_CONVERSION = YES;
				CLANG_WARN_OBJC_ROOT_CLASS = YES_ERROR;
				CLANG_WARN_RANGE_LOOP_ANALYSIS = YES;
				CLANG_WARN_STRICT_PROTOTYPES = YES;
				CLANG_WARN_SUSPICIOUS_MOVE = YES;
				CLANG_WARN_UNGUARDED_AVAILABILITY = YES_AGGRESSIVE;
				CLANG_WARN_UNREACHABLE_CODE = YES;
				CLANG_WARN__DUPLICATE_METHOD_MATCH = YES;
				COPY_PHASE_STRIP = NO;
				DEBUG_INFORMATION_FORMAT = "dwarf-with-dsym";
				ENABLE_NS_ASSERTIONS = NO;
				ENABLE_STRICT_OBJC_MSGSEND = YES;
				GCC_C_LANGUAGE_STANDARD = gnu11;
				GCC_NO_COMMON_BLOCKS = YES;
				GCC_WARN_64_TO_32_BIT_CONVERSION = YES;
				GCC_WARN_ABOUT_RETURN_TYPE = YES_ERROR;
				GCC_WARN_UNDECLARED_SELECTOR = YES;
				GCC_WARN_UNINITIALIZED_AUTOS = YES_AGGRESSIVE;
				GCC_WARN_UNUSED_FUNCTION = YES;
				GCC_WARN_UNUSED_VARIABLE = YES;
				IPHONEOS_DEPLOYMENT_TARGET = 13.2;
				MTL_ENABLE_DEBUG_INFO = NO;
				MTL_FAST_MATH = YES;
				SDKROOT = iphoneos;
				SWIFT_COMPILATION_MODE = wholemodule;
				SWIFT_OPTIMIZATION_LEVEL = "-O";
				VALIDATE_PRODUCT = YES;
			};
			name = Release;
		};
		952E6DF723923AC1006CF985 /* Debug */ = {
			isa = XCBuildConfiguration;
			buildSettings = {
				ASSETCATALOG_COMPILER_APPICON_NAME = AppIcon;
				CODE_SIGN_STYLE = Automatic;
				DEVELOPMENT_TEAM = H9T7E6YV3C;
				INFOPLIST_FILE = Develop/Info.plist;
				LD_RUNPATH_SEARCH_PATHS = (
					"$(inherited)",
					"@executable_path/Frameworks",
				);
				PRODUCT_BUNDLE_IDENTIFIER = com.blackurocky.Develop;
				PRODUCT_NAME = "$(TARGET_NAME)";
				SWIFT_VERSION = 5.0;
				TARGETED_DEVICE_FAMILY = "1,2";
			};
			name = Debug;
		};
		952E6DF823923AC1006CF985 /* Release */ = {
			isa = XCBuildConfiguration;
			buildSettings = {
				ASSETCATALOG_COMPILER_APPICON_NAME = AppIcon;
				CODE_SIGN_STYLE = Automatic;
				DEVELOPMENT_TEAM = H9T7E6YV3C;
				INFOPLIST_FILE = Develop/Info.plist;
				LD_RUNPATH_SEARCH_PATHS = (
					"$(inherited)",
					"@executable_path/Frameworks",
				);
				PRODUCT_BUNDLE_IDENTIFIER = com.blackurocky.Develop;
				PRODUCT_NAME = "$(TARGET_NAME)";
				SWIFT_VERSION = 5.0;
				TARGETED_DEVICE_FAMILY = "1,2";
			};
			name = Release;
		};
		952E6DFA23923AC1006CF985 /* Debug */ = {
			isa = XCBuildConfiguration;
			buildSettings = {
				ALWAYS_EMBED_SWIFT_STANDARD_LIBRARIES = YES;
				BUNDLE_LOADER = "$(TEST_HOST)";
				CODE_SIGN_STYLE = Automatic;
				DEVELOPMENT_TEAM = H9T7E6YV3C;
				INFOPLIST_FILE = DevelopTests/Info.plist;
				IPHONEOS_DEPLOYMENT_TARGET = 13.2;
				LD_RUNPATH_SEARCH_PATHS = (
					"$(inherited)",
					"@executable_path/Frameworks",
					"@loader_path/Frameworks",
				);
				PRODUCT_BUNDLE_IDENTIFIER = com.blackurocky.DevelopTests;
				PRODUCT_NAME = "$(TARGET_NAME)";
				SWIFT_VERSION = 5.0;
				TARGETED_DEVICE_FAMILY = "1,2";
				TEST_HOST = "$(BUILT_PRODUCTS_DIR)/Develop.app/Develop";
			};
			name = Debug;
		};
		952E6DFB23923AC1006CF985 /* Release */ = {
			isa = XCBuildConfiguration;
			buildSettings = {
				ALWAYS_EMBED_SWIFT_STANDARD_LIBRARIES = YES;
				BUNDLE_LOADER = "$(TEST_HOST)";
				CODE_SIGN_STYLE = Automatic;
				DEVELOPMENT_TEAM = H9T7E6YV3C;
				INFOPLIST_FILE = DevelopTests/Info.plist;
				IPHONEOS_DEPLOYMENT_TARGET = 13.2;
				LD_RUNPATH_SEARCH_PATHS = (
					"$(inherited)",
					"@executable_path/Frameworks",
					"@loader_path/Frameworks",
				);
				PRODUCT_BUNDLE_IDENTIFIER = com.blackurocky.DevelopTests;
				PRODUCT_NAME = "$(TARGET_NAME)";
				SWIFT_VERSION = 5.0;
				TARGETED_DEVICE_FAMILY = "1,2";
				TEST_HOST = "$(BUILT_PRODUCTS_DIR)/Develop.app/Develop";
			};
			name = Release;
		};
		952E6DFD23923AC1006CF985 /* Debug */ = {
			isa = XCBuildConfiguration;
			buildSettings = {
				ALWAYS_EMBED_SWIFT_STANDARD_LIBRARIES = YES;
				CODE_SIGN_STYLE = Automatic;
				DEVELOPMENT_TEAM = H9T7E6YV3C;
				INFOPLIST_FILE = DevelopUITests/Info.plist;
				LD_RUNPATH_SEARCH_PATHS = (
					"$(inherited)",
					"@executable_path/Frameworks",
					"@loader_path/Frameworks",
				);
				PRODUCT_BUNDLE_IDENTIFIER = com.blackurocky.DevelopUITests;
				PRODUCT_NAME = "$(TARGET_NAME)";
				SWIFT_VERSION = 5.0;
				TARGETED_DEVICE_FAMILY = "1,2";
				TEST_TARGET_NAME = Develop;
			};
			name = Debug;
		};
		952E6DFE23923AC1006CF985 /* Release */ = {
			isa = XCBuildConfiguration;
			buildSettings = {
				ALWAYS_EMBED_SWIFT_STANDARD_LIBRARIES = YES;
				CODE_SIGN_STYLE = Automatic;
				DEVELOPMENT_TEAM = H9T7E6YV3C;
				INFOPLIST_FILE = DevelopUITests/Info.plist;
				LD_RUNPATH_SEARCH_PATHS = (
					"$(inherited)",
					"@executable_path/Frameworks",
					"@loader_path/Frameworks",
				);
				PRODUCT_BUNDLE_IDENTIFIER = com.blackurocky.DevelopUITests;
				PRODUCT_NAME = "$(TARGET_NAME)";
				SWIFT_VERSION = 5.0;
				TARGETED_DEVICE_FAMILY = "1,2";
				TEST_TARGET_NAME = Develop;
			};
			name = Release;
		};
/* End XCBuildConfiguration section */

/* Begin XCConfigurationList section */
		952E6DC723923ABD006CF985 /* Build configuration list for PBXProject "Develop" */ = {
			isa = XCConfigurationList;
			buildConfigurations = (
				952E6DF423923AC1006CF985 /* Debug */,
				952E6DF523923AC1006CF985 /* Release */,
			);
			defaultConfigurationIsVisible = 0;
			defaultConfigurationName = Release;
		};
		952E6DF623923AC1006CF985 /* Build configuration list for PBXNativeTarget "Develop" */ = {
			isa = XCConfigurationList;
			buildConfigurations = (
				952E6DF723923AC1006CF985 /* Debug */,
				952E6DF823923AC1006CF985 /* Release */,
			);
			defaultConfigurationIsVisible = 0;
			defaultConfigurationName = Release;
		};
		952E6DF923923AC1006CF985 /* Build configuration list for PBXNativeTarget "DevelopTests" */ = {
			isa = XCConfigurationList;
			buildConfigurations = (
				952E6DFA23923AC1006CF985 /* Debug */,
				952E6DFB23923AC1006CF985 /* Release */,
			);
			defaultConfigurationIsVisible = 0;
			defaultConfigurationName = Release;
		};
		952E6DFC23923AC1006CF985 /* Build configuration list for PBXNativeTarget "DevelopUITests" */ = {
			isa = XCConfigurationList;
			buildConfigurations = (
				952E6DFD23923AC1006CF985 /* Debug */,
				952E6DFE23923AC1006CF985 /* Release */,
			);
			defaultConfigurationIsVisible = 0;
			defaultConfigurationName = Release;
		};
/* End XCConfigurationList section */
	};
	rootObject = 952E6DC423923ABD006CF985 /* Project object */;
}
